// !$*UTF8*$!
{
	archiveVersion = 1;
	classes = {
	};
	objectVersion = 55;
	objects = {

/* Begin PBXBuildFile section */
		0D67FB5A28AD2796006E1C64 /* AppDelegate.swift in Sources */ = {isa = PBXBuildFile; fileRef = 0D67FB5928AD2796006E1C64 /* AppDelegate.swift */; };
		0D67FB5C28AD2796006E1C64 /* SceneDelegate.swift in Sources */ = {isa = PBXBuildFile; fileRef = 0D67FB5B28AD2796006E1C64 /* SceneDelegate.swift */; };
		0D67FB5E28AD2796006E1C64 /* LayoutViewController.swift in Sources */ = {isa = PBXBuildFile; fileRef = 0D67FB5D28AD2796006E1C64 /* LayoutViewController.swift */; };
		0D67FB6128AD2796006E1C64 /* Main.storyboard in Resources */ = {isa = PBXBuildFile; fileRef = 0D67FB5F28AD2796006E1C64 /* Main.storyboard */; };
		0D67FB6328AD2797006E1C64 /* Assets.xcassets in Resources */ = {isa = PBXBuildFile; fileRef = 0D67FB6228AD2797006E1C64 /* Assets.xcassets */; };
		0D67FB6628AD2797006E1C64 /* LaunchScreen.storyboard in Resources */ = {isa = PBXBuildFile; fileRef = 0D67FB6428AD2797006E1C64 /* LaunchScreen.storyboard */; };
		0D67FB6E28AD2DC0006E1C64 /* URLSessionViewController.swift in Sources */ = {isa = PBXBuildFile; fileRef = 0D67FB6D28AD2DC0006E1C64 /* URLSessionViewController.swift */; };
		0D67FB7028AD4905006E1C64 /* TGViewController.swift in Sources */ = {isa = PBXBuildFile; fileRef = 0D67FB6F28AD4905006E1C64 /* TGViewController.swift */; };
/* End PBXBuildFile section */

/* Begin PBXFileReference section */
		0D67FB5628AD2796006E1C64 /* TestProgect.app */ = {isa = PBXFileReference; explicitFileType = wrapper.application; includeInIndex = 0; path = TestProgect.app; sourceTree = BUILT_PRODUCTS_DIR; };
		0D67FB5928AD2796006E1C64 /* AppDelegate.swift */ = {isa = PBXFileReference; lastKnownFileType = sourcecode.swift; path = AppDelegate.swift; sourceTree = "<group>"; };
		0D67FB5B28AD2796006E1C64 /* SceneDelegate.swift */ = {isa = PBXFileReference; lastKnownFileType = sourcecode.swift; path = SceneDelegate.swift; sourceTree = "<group>"; };
		0D67FB5D28AD2796006E1C64 /* LayoutViewController.swift */ = {isa = PBXFileReference; lastKnownFileType = sourcecode.swift; path = LayoutViewController.swift; sourceTree = "<group>"; };
		0D67FB6028AD2796006E1C64 /* Base */ = {isa = PBXFileReference; lastKnownFileType = file.storyboard; name = Base; path = Base.lproj/Main.storyboard; sourceTree = "<group>"; };
		0D67FB6228AD2797006E1C64 /* Assets.xcassets */ = {isa = PBXFileReference; lastKnownFileType = folder.assetcatalog; path = Assets.xcassets; sourceTree = "<group>"; };
		0D67FB6528AD2797006E1C64 /* Base */ = {isa = PBXFileReference; lastKnownFileType = file.storyboard; name = Base; path = Base.lproj/LaunchScreen.storyboard; sourceTree = "<group>"; };
		0D67FB6728AD2797006E1C64 /* Info.plist */ = {isa = PBXFileReference; lastKnownFileType = text.plist.xml; path = Info.plist; sourceTree = "<group>"; };
		0D67FB6D28AD2DC0006E1C64 /* URLSessionViewController.swift */ = {isa = PBXFileReference; lastKnownFileType = sourcecode.swift; path = URLSessionViewController.swift; sourceTree = "<group>"; };
		0D67FB6F28AD4905006E1C64 /* TGViewController.swift */ = {isa = PBXFileReference; lastKnownFileType = sourcecode.swift; path = TGViewController.swift; sourceTree = "<group>"; };
/* End PBXFileReference section */

/* Begin PBXFrameworksBuildPhase section */
		0D67FB5328AD2796006E1C64 /* Frameworks */ = {
			isa = PBXFrameworksBuildPhase;
			buildActionMask = 2147483647;
			files = (
			);
			runOnlyForDeploymentPostprocessing = 0;
		};
/* End PBXFrameworksBuildPhase section */

/* Begin PBXGroup section */
		0D67FB4D28AD2796006E1C64 = {
			isa = PBXGroup;
			children = (
				0D67FB5828AD2796006E1C64 /* TestProgect */,
				0D67FB5728AD2796006E1C64 /* Products */,
			);
			sourceTree = "<group>";
		};
		0D67FB5728AD2796006E1C64 /* Products */ = {
			isa = PBXGroup;
			children = (
				0D67FB5628AD2796006E1C64 /* TestProgect.app */,
			);
			name = Products;
			sourceTree = "<group>";
		};
		0D67FB5828AD2796006E1C64 /* TestProgect */ = {
			isa = PBXGroup;
			children = (
				0D67FB5928AD2796006E1C64 /* AppDelegate.swift */,
				0D67FB5B28AD2796006E1C64 /* SceneDelegate.swift */,
				0D67FB5D28AD2796006E1C64 /* LayoutViewController.swift */,
				0D67FB6D28AD2DC0006E1C64 /* URLSessionViewController.swift */,
				0D67FB6F28AD4905006E1C64 /* TGViewController.swift */,
				0D67FB5F28AD2796006E1C64 /* Main.storyboard */,
				0D67FB6228AD2797006E1C64 /* Assets.xcassets */,
				0D67FB6428AD2797006E1C64 /* LaunchScreen.storyboard */,
				0D67FB6728AD2797006E1C64 /* Info.plist */,
			);
			path = TestProgect;
			sourceTree = "<group>";
		};
/* End PBXGroup section */

/* Begin PBXNativeTarget section */
		0D67FB5528AD2796006E1C64 /* TestProgect */ = {
			isa = PBXNativeTarget;
			buildConfigurationList = 0D67FB6A28AD2797006E1C64 /* Build configuration list for PBXNativeTarget "TestProgect" */;
			buildPhases = (
				0D67FB5228AD2796006E1C64 /* Sources */,
				0D67FB5328AD2796006E1C64 /* Frameworks */,
				0D67FB5428AD2796006E1C64 /* Resources */,
			);
			buildRules = (
			);
			dependencies = (
			);
			name = TestProgect;
			productName = TestProgect;
			productReference = 0D67FB5628AD2796006E1C64 /* TestProgect.app */;
			productType = "com.apple.product-type.application";
		};
/* End PBXNativeTarget section */

/* Begin PBXProject section */
		0D67FB4E28AD2796006E1C64 /* Project object */ = {
			isa = PBXProject;
			attributes = {
				BuildIndependentTargetsInParallel = 1;
				LastSwiftUpdateCheck = 1340;
				LastUpgradeCheck = 1340;
				TargetAttributes = {
					0D67FB5528AD2796006E1C64 = {
						CreatedOnToolsVersion = 13.4.1;
					};
				};
			};
			buildConfigurationList = 0D67FB5128AD2796006E1C64 /* Build configuration list for PBXProject "TestProgect" */;
			compatibilityVersion = "Xcode 13.0";
			developmentRegion = en;
			hasScannedForEncodings = 0;
			knownRegions = (
				en,
				Base,
			);
			mainGroup = 0D67FB4D28AD2796006E1C64;
			productRefGroup = 0D67FB5728AD2796006E1C64 /* Products */;
			projectDirPath = "";
			projectRoot = "";
			targets = (
				0D67FB5528AD2796006E1C64 /* TestProgect */,
			);
		};
/* End PBXProject section */

/* Begin PBXResourcesBuildPhase section */
		0D67FB5428AD2796006E1C64 /* Resources */ = {
			isa = PBXResourcesBuildPhase;
			buildActionMask = 2147483647;
			files = (
				0D67FB6628AD2797006E1C64 /* LaunchScreen.storyboard in Resources */,
				0D67FB6328AD2797006E1C64 /* Assets.xcassets in Resources */,
				0D67FB6128AD2796006E1C64 /* Main.storyboard in Resources */,
			);
			runOnlyForDeploymentPostprocessing = 0;
		};
/* End PBXResourcesBuildPhase section */

/* Begin PBXSourcesBuildPhase section */
		0D67FB5228AD2796006E1C64 /* Sources */ = {
			isa = PBXSourcesBuildPhase;
			buildActionMask = 2147483647;
			files = (
				0D67FB5E28AD2796006E1C64 /* LayoutViewController.swift in Sources */,
				0D67FB5A28AD2796006E1C64 /* AppDelegate.swift in Sources */,
				0D67FB5C28AD2796006E1C64 /* SceneDelegate.swift in Sources */,
				0D67FB7028AD4905006E1C64 /* TGViewController.swift in Sources */,
				0D67FB6E28AD2DC0006E1C64 /* URLSessionViewController.swift in Sources */,
			);
			runOnlyForDeploymentPostprocessing = 0;
		};
/* End PBXSourcesBuildPhase section */

/* Begin PBXVariantGroup section */
		0D67FB5F28AD2796006E1C64 /* Main.storyboard */ = {
			isa = PBXVariantGroup;
			children = (
				0D67FB6028AD2796006E1C64 /* Base */,
			);
			name = Main.storyboard;
			sourceTree = "<group>";
		};
		0D67FB6428AD2797006E1C64 /* LaunchScreen.storyboard */ = {
			isa = PBXVariantGroup;
			children = (
				0D67FB6528AD2797006E1C64 /* Base */,
			);
			name = LaunchScreen.storyboard;
			sourceTree = "<group>";
		};
/* End PBXVariantGroup section */

/* Begin XCBuildConfiguration section */
		0D67FB6828AD2797006E1C64 /* Debug */ = {
			isa = XCBuildConfiguration;
			buildSettings = {
				ALWAYS_SEARCH_USER_PATHS = NO;
				CLANG_ANALYZER_NONNULL = YES;
				CLANG_ANALYZER_NUMBER_OBJECT_CONVERSION = YES_AGGRESSIVE;
				CLANG_CXX_LANGUAGE_STANDARD = "gnu++17";
				CLANG_ENABLE_MODULES = YES;
				CLANG_ENABLE_OBJC_ARC = YES;
				CLANG_ENABLE_OBJC_WEAK = YES;
				CLANG_WARN_BLOCK_CAPTURE_AUTORELEASING = YES;
				CLANG_WARN_BOOL_CONVERSION = YES;
				CLANG_WARN_COMMA = YES;
				CLANG_WARN_CONSTANT_CONVERSION = YES;
				CLANG_WARN_DEPRECATED_OBJC_IMPLEMENTATIONS = YES;
				CLANG_WARN_DIRECT_OBJC_ISA_USAGE = YES_ERROR;
				CLANG_WARN_DOCUMENTATION_COMMENTS = YES;
				CLANG_WARN_EMPTY_BODY = YES;
				CLANG_WARN_ENUM_CONVERSION = YES;
				CLANG_WARN_INFINITE_RECURSION = YES;
				CLANG_WARN_INT_CONVERSION = YES;
				CLANG_WARN_NON_LITERAL_NULL_CONVERSION = YES;
				CLANG_WARN_OBJC_IMPLICIT_RETAIN_SELF = YES;
				CLANG_WARN_OBJC_LITERAL_CONVERSION = YES;
				CLANG_WARN_OBJC_ROOT_CLASS = YES_ERROR;
				CLANG_WARN_QUOTED_INCLUDE_IN_FRAMEWORK_HEADER = YES;
				CLANG_WARN_RANGE_LOOP_ANALYSIS = YES;
				CLANG_WARN_STRICT_PROTOTYPES = YES;
				CLANG_WARN_SUSPICIOUS_MOVE = YES;
				CLANG_WARN_UNGUARDED_AVAILABILITY = YES_AGGRESSIVE;
				CLANG_WARN_UNREACHABLE_CODE = YES;
				CLANG_WARN__DUPLICATE_METHOD_MATCH = YES;
				COPY_PHASE_STRIP = NO;
				DEBUG_INFORMATION_FORMAT = dwarf;
				ENABLE_STRICT_OBJC_MSGSEND = YES;
				ENABLE_TESTABILITY = YES;
				GCC_C_LANGUAGE_STANDARD = gnu11;
				GCC_DYNAMIC_NO_PIC = NO;
				GCC_NO_COMMON_BLOCKS = YES;
				GCC_OPTIMIZATION_LEVEL = 0;
				GCC_PREPROCESSOR_DEFINITIONS = (
					"DEBUG=1",
					"$(inherited)",
				);
				GCC_WARN_64_TO_32_BIT_CONVERSION = YES;
				GCC_WARN_ABOUT_RETURN_TYPE = YES_ERROR;
				GCC_WARN_UNDECLARED_SELECTOR = YES;
				GCC_WARN_UNINITIALIZED_AUTOS = YES_AGGRESSIVE;
				GCC_WARN_UNUSED_FUNCTION = YES;
				GCC_WARN_UNUSED_VARIABLE = YES;
				IPHONEOS_DEPLOYMENT_TARGET = 15.5;
				MTL_ENABLE_DEBUG_INFO = INCLUDE_SOURCE;
				MTL_FAST_MATH = YES;
				ONLY_ACTIVE_ARCH = YES;
				SDKROOT = iphoneos;
				SWIFT_ACTIVE_COMPILATION_CONDITIONS = DEBUG;
				SWIFT_OPTIMIZATION_LEVEL = "-Onone";
			};
			name = Debug;
		};
		0D67FB6928AD2797006E1C64 /* Release */ = {
			isa = XCBuildConfiguration;
			buildSettings = {
				ALWAYS_SEARCH_USER_PATHS = NO;
				CLANG_ANALYZER_NONNULL = YES;
				CLANG_ANALYZER_NUMBER_OBJECT_CONVERSION = YES_AGGRESSIVE;
				CLANG_CXX_LANGUAGE_STANDARD = "gnu++17";
				CLANG_ENABLE_MODULES = YES;
				CLANG_ENABLE_OBJC_ARC = YES;
				CLANG_ENABLE_OBJC_WEAK = YES;
				CLANG_WARN_BLOCK_CAPTURE_AUTORELEASING = YES;
				CLANG_WARN_BOOL_CONVERSION = YES;
				CLANG_WARN_COMMA = YES;
				CLANG_WARN_CONSTANT_CONVERSION = YES;
				CLANG_WARN_DEPRECATED_OBJC_IMPLEMENTATIONS = YES;
				CLANG_WARN_DIRECT_OBJC_ISA_USAGE = YES_ERROR;
				CLANG_WARN_DOCUMENTATION_COMMENTS = YES;
				CLANG_WARN_EMPTY_BODY = YES;
				CLANG_WARN_ENUM_CONVERSION = YES;
				CLANG_WARN_INFINITE_RECURSION = YES;
				CLANG_WARN_INT_CONVERSION = YES;
				CLANG_WARN_NON_LITERAL_NULL_CONVERSION = YES;
				CLANG_WARN_OBJC_IMPLICIT_RETAIN_SELF = YES;
				CLANG_WARN_OBJC_LITERAL_CONVERSION = YES;
				CLANG_WARN_OBJC_ROOT_CLASS = YES_ERROR;
				CLANG_WARN_QUOTED_INCLUDE_IN_FRAMEWORK_HEADER = YES;
				CLANG_WARN_RANGE_LOOP_ANALYSIS = YES;
				CLANG_WARN_STRICT_PROTOTYPES = YES;
				CLANG_WARN_SUSPICIOUS_MOVE = YES;
				CLANG_WARN_UNGUARDED_AVAILABILITY = YES_AGGRESSIVE;
				CLANG_WARN_UNREACHABLE_CODE = YES;
				CLANG_WARN__DUPLICATE_METHOD_MATCH = YES;
				COPY_PHASE_STRIP = NO;
				DEBUG_INFORMATION_FORMAT = "dwarf-with-dsym";
				ENABLE_NS_ASSERTIONS = NO;
				ENABLE_STRICT_OBJC_MSGSEND = YES;
				GCC_C_LANGUAGE_STANDARD = gnu11;
				GCC_NO_COMMON_BLOCKS = YES;
				GCC_WARN_64_TO_32_BIT_CONVERSION = YES;
				GCC_WARN_ABOUT_RETURN_TYPE = YES_ERROR;
				GCC_WARN_UNDECLARED_SELECTOR = YES;
				GCC_WARN_UNINITIALIZED_AUTOS = YES_AGGRESSIVE;
				GCC_WARN_UNUSED_FUNCTION = YES;
				GCC_WARN_UNUSED_VARIABLE = YES;
				IPHONEOS_DEPLOYMENT_TARGET = 15.5;
				MTL_ENABLE_DEBUG_INFO = NO;
				MTL_FAST_MATH = YES;
				SDKROOT = iphoneos;
				SWIFT_COMPILATION_MODE = wholemodule;
				SWIFT_OPTIMIZATION_LEVEL = "-O";
				VALIDATE_PRODUCT = YES;
			};
			name = Release;
		};
		0D67FB6B28AD2797006E1C64 /* Debug */ = {
			isa = XCBuildConfiguration;
			buildSettings = {
				ASSETCATALOG_COMPILER_APPICON_NAME = AppIcon;
				ASSETCATALOG_COMPILER_GLOBAL_ACCENT_COLOR_NAME = AccentColor;
				CODE_SIGN_STYLE = Automatic;
				CURRENT_PROJECT_VERSION = 1;
				DEVELOPMENT_TEAM = 43Y9RJ4AFP;
				GENERATE_INFOPLIST_FILE = YES;
				INFOPLIST_FILE = TestProgect/Info.plist;
				INFOPLIST_KEY_UIApplicationSupportsIndirectInputEvents = YES;
				INFOPLIST_KEY_UILaunchStoryboardName = LaunchScreen;
				INFOPLIST_KEY_UIMainStoryboardFile = Main;
				INFOPLIST_KEY_UISupportedInterfaceOrientations_iPad = "UIInterfaceOrientationPortrait UIInterfaceOrientationPortraitUpsideDown UIInterfaceOrientationLandscapeLeft UIInterfaceOrientationLandscapeRight";
				INFOPLIST_KEY_UISupportedInterfaceOrientations_iPhone = "UIInterfaceOrientationPortrait UIInterfaceOrientationLandscapeLeft UIInterfaceOrientationLandscapeRight";
				LD_RUNPATH_SEARCH_PATHS = (
					"$(inherited)",
					"@executable_path/Frameworks",
				);
				MARKETING_VERSION = 1.0;
				PRODUCT_BUNDLE_IDENTIFIER = "-11.TestProgect";
				PRODUCT_NAME = "$(TARGET_NAME)";
				SWIFT_EMIT_LOC_STRINGS = YES;
				SWIFT_VERSION = 5.0;
				TARGETED_DEVICE_FAMILY = "1,2";
			};
			name = Debug;
		};
		0D67FB6C28AD2797006E1C64 /* Release */ = {
			isa = XCBuildConfiguration;
			buildSettings = {
				ASSETCATALOG_COMPILER_APPICON_NAME = AppIcon;
				ASSETCATALOG_COMPILER_GLOBAL_ACCENT_COLOR_NAME = AccentColor;
				CODE_SIGN_STYLE = Automatic;
				CURRENT_PROJECT_VERSION = 1;
				DEVELOPMENT_TEAM = 43Y9RJ4AFP;
				GENERATE_INFOPLIST_FILE = YES;
				INFOPLIST_FILE = TestProgect/Info.plist;
				INFOPLIST_KEY_UIApplicationSupportsIndirectInputEvents = YES;
				INFOPLIST_KEY_UILaunchStoryboardName = LaunchScreen;
				INFOPLIST_KEY_UIMainStoryboardFile = Main;
				INFOPLIST_KEY_UISupportedInterfaceOrientations_iPad = "UIInterfaceOrientationPortrait UIInterfaceOrientationPortraitUpsideDown UIInterfaceOrientationLandscapeLeft UIInterfaceOrientationLandscapeRight";
				INFOPLIST_KEY_UISupportedInterfaceOrientations_iPhone = "UIInterfaceOrientationPortrait UIInterfaceOrientationLandscapeLeft UIInterfaceOrientationLandscapeRight";
				LD_RUNPATH_SEARCH_PATHS = (
					"$(inherited)",
					"@executable_path/Frameworks",
				);
				MARKETING_VERSION = 1.0;
				PRODUCT_BUNDLE_IDENTIFIER = "-11.TestProgect";
				PRODUCT_NAME = "$(TARGET_NAME)";
				SWIFT_EMIT_LOC_STRINGS = YES;
				SWIFT_VERSION = 5.0;
				TARGETED_DEVICE_FAMILY = "1,2";
			};
			name = Release;
		};
/* End XCBuildConfiguration section */

/* Begin XCConfigurationList section */
		0D67FB5128AD2796006E1C64 /* Build configuration list for PBXProject "TestProgect" */ = {
			isa = XCConfigurationList;
			buildConfigurations = (
				0D67FB6828AD2797006E1C64 /* Debug */,
				0D67FB6928AD2797006E1C64 /* Release */,
			);
			defaultConfigurationIsVisible = 0;
			defaultConfigurationName = Release;
		};
		0D67FB6A28AD2797006E1C64 /* Build configuration list for PBXNativeTarget "TestProgect" */ = {
			isa = XCConfigurationList;
			buildConfigurations = (
				0D67FB6B28AD2797006E1C64 /* Debug */,
				0D67FB6C28AD2797006E1C64 /* Release */,
			);
			defaultConfigurationIsVisible = 0;
			defaultConfigurationName = Release;
		};
/* End XCConfigurationList section */
	};
	rootObject = 0D67FB4E28AD2796006E1C64 /* Project object */;
}
